# This file is automatically @generated by Cargo.
# It is not intended for manual editing.
version = 3

[[package]]
name = "borrowing"
version = "0.1.0"

[[package]]
name = "comments"
version = "0.1.0"

[[package]]
name = "constants_statics"
version = "0.1.0"

[[package]]
name = "control_flow"
version = "0.1.0"

[[package]]
name = "datatypes"
version = "0.1.0"

[[package]]
name = "enums"
version = "0.1.0"

[[package]]
name = "functions"
version = "0.1.0"

[[package]]
name = "hello_world"
version = "0.1.0"

[[package]]
name = "impl_blocks"
version = "0.1.0"

[[package]]
name = "matching"
version = "0.1.0"

[[package]]
name = "option"
version = "0.1.0"

[[package]]
name = "ownership"
version = "0.1.0"

[[package]]
name = "ownership2"
version = "0.1.0"

[[package]]
name = "result"
version = "0.1.0"

[[package]]
name = "slices"
version = "0.1.0"

[[package]]
name = "strings"
version = "0.1.0"

[[package]]
name = "structs"
version = "0.1.0"

[[package]]
name = "tuple_structs"
version = "0.1.0"

[[package]]
name = "variables"
version = "0.1.0"

[[package]]
name = "vectors"
version = "0.1.0"
